
Microsoft Visual Studio Solution File, Format Version 12.00
# Visual Studio 14
VisualStudioVersion = 14.0.24720.0
MinimumVisualStudioVersion = 10.0.40219.1
Project("{8BC9CEB8-8B4A-11D0-8D11-00A0C91BC942}") = "QOR", "QOR.vcxproj", "{C02B79DD-422D-43E9-91F6-ABAA73A5CBAB}"
EndProject
Project("{8BC9CEB8-8B4A-11D0-8D11-00A0C91BC942}") = "CompilerQOR", "..\CompilerQOR\CompilerQOR.vcxproj", "{384595C7-0199-4468-BAF5-AADB99AE7A11}"
EndProject
Project("{2150E333-8FDC-42A3-9474-1A3956D46DE8}") = "Linux", "Linux", "{A7FCBA7E-33BA-4762-8117-994C6F40509A}"
EndProject
Project("{2150E333-8FDC-42A3-9474-1A3956D46DE8}") = "MSWindows", "MSWindows", "{ACCD6DB3-E254-432E-90E3-1B1EC7BC97FC}"
EndProject
Project("{8BC9CEB8-8B4A-11D0-8D11-00A0C91BC942}") = "QORModule", "..\QORModule\QORModule.vcxproj", "{F41D196B-2763-439A-83CF-32E4B2E2E59A}"
EndProject
Project("{8BC9CEB8-8B4A-11D0-8D11-00A0C91BC942}") = "WinSharedBootstrap", "..\WinSharedBootstrap\WinSharedBootstrap.vcxproj", "{EAC879C6-4860-4FD9-B092-AD9479CD626F}"
EndProject
Project("{8BC9CEB8-8B4A-11D0-8D11-00A0C91BC942}") = "WinUsrExeBoot", "..\WinUsrExeBoot\WinUsrExeBoot.vcxproj", "{7DB4748C-1528-4BCA-AC22-43CF11D306F5}"
EndProject
Project("{2150E333-8FDC-42A3-9474-1A3956D46DE8}") = "MSVC", "MSVC", "{D16204DC-5A18-4BFE-85F6-8BAFB42E8349}"
EndProject
Project("{8BC9CEB8-8B4A-11D0-8D11-00A0C91BC942}") = "WinCmpSupQORVC", "..\WinCmpSupQORVC\WinCmpSupQORVC.vcxproj", "{B39162A3-116C-4E41-AC81-D2B6D73EB6D0}"
EndProject
Project("{8BC9CEB8-8B4A-11D0-8D11-00A0C91BC942}") = "ArchQOR", "..\ArchQOR\ArchQOR.vcxproj", "{C48815B3-1A74-4F29-967D-BA6B98DEECA6}"
EndProject
Project("{8BC9CEB8-8B4A-11D0-8D11-00A0C91BC942}") = "CodeQOR", "..\CodeQOR\CodeQOR.vcxproj", "{3671F0E9-0565-444A-9A44-FB180060DC3B}"
EndProject
Project("{8BC9CEB8-8B4A-11D0-8D11-00A0C91BC942}") = "stdQOR", "..\stdQOR\stdQOR.vcxproj", "{D2C48695-C151-48B0-B26E-E6B186165CC6}"
EndProject
Project("{8BC9CEB8-8B4A-11D0-8D11-00A0C91BC942}") = "CQOR", "..\CQOR\CQOR.vcxproj", "{97037648-56B9-4755-A1EF-B3261E6FCF11}"
EndProject
Project("{8BC9CEB8-8B4A-11D0-8D11-00A0C91BC942}") = "SystemQOR", "..\SystemQOR\SystemQOR.vcxproj", "{A0223D5D-9A2E-47C6-9D0B-026E31660910}"
EndProject
Project("{8BC9CEB8-8B4A-11D0-8D11-00A0C91BC942}") = "WinQAPI", "..\WinQAPI\WinQAPI.vcxproj", "{3C01A730-4D42-403D-9C26-B1A50B675178}"
EndProject
Project("{8BC9CEB8-8B4A-11D0-8D11-00A0C91BC942}") = "WinQL", "..\WinQL\WinQL.vcxproj", "{1BA6B52B-F3FE-4F5E-9913-049810CB90D1}"
EndProject
Global
	GlobalSection(SolutionConfigurationPlatforms) = preSolution
		Debug|x64 = Debug|x64
		Debug|x86 = Debug|x86
		Release|x64 = Release|x64
		Release|x86 = Release|x86
	EndGlobalSection
	GlobalSection(ProjectConfigurationPlatforms) = postSolution
		{C02B79DD-422D-43E9-91F6-ABAA73A5CBAB}.Debug|x64.ActiveCfg = Debug|x64
		{C02B79DD-422D-43E9-91F6-ABAA73A5CBAB}.Debug|x64.Build.0 = Debug|x64
		{C02B79DD-422D-43E9-91F6-ABAA73A5CBAB}.Debug|x86.ActiveCfg = Debug|Win32
		{C02B79DD-422D-43E9-91F6-ABAA73A5CBAB}.Debug|x86.Build.0 = Debug|Win32
		{C02B79DD-422D-43E9-91F6-ABAA73A5CBAB}.Release|x64.ActiveCfg = Release|x64
		{C02B79DD-422D-43E9-91F6-ABAA73A5CBAB}.Release|x64.Build.0 = Release|x64
		{C02B79DD-422D-43E9-91F6-ABAA73A5CBAB}.Release|x86.ActiveCfg = Release|Win32
		{C02B79DD-422D-43E9-91F6-ABAA73A5CBAB}.Release|x86.Build.0 = Release|Win32
		{384595C7-0199-4468-BAF5-AADB99AE7A11}.Debug|x64.ActiveCfg = Debug|x64
		{384595C7-0199-4468-BAF5-AADB99AE7A11}.Debug|x64.Build.0 = Debug|x64
		{384595C7-0199-4468-BAF5-AADB99AE7A11}.Debug|x86.ActiveCfg = Debug|Win32
		{384595C7-0199-4468-BAF5-AADB99AE7A11}.Debug|x86.Build.0 = Debug|Win32
		{384595C7-0199-4468-BAF5-AADB99AE7A11}.Release|x64.ActiveCfg = Release|x64
		{384595C7-0199-4468-BAF5-AADB99AE7A11}.Release|x64.Build.0 = Release|x64
		{384595C7-0199-4468-BAF5-AADB99AE7A11}.Release|x86.ActiveCfg = Release|Win32
		{384595C7-0199-4468-BAF5-AADB99AE7A11}.Release|x86.Build.0 = Release|Win32
		{F41D196B-2763-439A-83CF-32E4B2E2E59A}.Debug|x64.ActiveCfg = Debug|x64
		{F41D196B-2763-439A-83CF-32E4B2E2E59A}.Debug|x64.Build.0 = Debug|x64
		{F41D196B-2763-439A-83CF-32E4B2E2E59A}.Debug|x86.ActiveCfg = Debug|Win32
		{F41D196B-2763-439A-83CF-32E4B2E2E59A}.Debug|x86.Build.0 = Debug|Win32
		{F41D196B-2763-439A-83CF-32E4B2E2E59A}.Release|x64.ActiveCfg = Release|x64
		{F41D196B-2763-439A-83CF-32E4B2E2E59A}.Release|x64.Build.0 = Release|x64
		{F41D196B-2763-439A-83CF-32E4B2E2E59A}.Release|x86.ActiveCfg = Release|Win32
		{F41D196B-2763-439A-83CF-32E4B2E2E59A}.Release|x86.Build.0 = Release|Win32
		{EAC879C6-4860-4FD9-B092-AD9479CD626F}.Debug|x64.ActiveCfg = Debug|x64
		{EAC879C6-4860-4FD9-B092-AD9479CD626F}.Debug|x64.Build.0 = Debug|x64
		{EAC879C6-4860-4FD9-B092-AD9479CD626F}.Debug|x86.ActiveCfg = Debug|Win32
		{EAC879C6-4860-4FD9-B092-AD9479CD626F}.Debug|x86.Build.0 = Debug|Win32
		{EAC879C6-4860-4FD9-B092-AD9479CD626F}.Release|x64.ActiveCfg = Release|x64
		{EAC879C6-4860-4FD9-B092-AD9479CD626F}.Release|x64.Build.0 = Release|x64
		{EAC879C6-4860-4FD9-B092-AD9479CD626F}.Release|x86.ActiveCfg = Release|Win32
		{EAC879C6-4860-4FD9-B092-AD9479CD626F}.Release|x86.Build.0 = Release|Win32
		{7DB4748C-1528-4BCA-AC22-43CF11D306F5}.Debug|x64.ActiveCfg = Debug|x64
		{7DB4748C-1528-4BCA-AC22-43CF11D306F5}.Debug|x64.Build.0 = Debug|x64
		{7DB4748C-1528-4BCA-AC22-43CF11D306F5}.Debug|x86.ActiveCfg = Debug|Win32
		{7DB4748C-1528-4BCA-AC22-43CF11D306F5}.Debug|x86.Build.0 = Debug|Win32
		{7DB4748C-1528-4BCA-AC22-43CF11D306F5}.Release|x64.ActiveCfg = Release|x64
		{7DB4748C-1528-4BCA-AC22-43CF11D306F5}.Release|x64.Build.0 = Release|x64
		{7DB4748C-1528-4BCA-AC22-43CF11D306F5}.Release|x86.ActiveCfg = Release|Win32
		{7DB4748C-1528-4BCA-AC22-43CF11D306F5}.Release|x86.Build.0 = Release|Win32
		{B39162A3-116C-4E41-AC81-D2B6D73EB6D0}.Debug|x64.ActiveCfg = Debug|x64
		{B39162A3-116C-4E41-AC81-D2B6D73EB6D0}.Debug|x64.Build.0 = Debug|x64
		{B39162A3-116C-4E41-AC81-D2B6D73EB6D0}.Debug|x86.ActiveCfg = Debug|Win32
		{B39162A3-116C-4E41-AC81-D2B6D73EB6D0}.Debug|x86.Build.0 = Debug|Win32
		{B39162A3-116C-4E41-AC81-D2B6D73EB6D0}.Release|x64.ActiveCfg = Release|x64
		{B39162A3-116C-4E41-AC81-D2B6D73EB6D0}.Release|x64.Build.0 = Release|x64
		{B39162A3-116C-4E41-AC81-D2B6D73EB6D0}.Release|x86.ActiveCfg = Release|Win32
		{B39162A3-116C-4E41-AC81-D2B6D73EB6D0}.Release|x86.Build.0 = Release|Win32
		{C48815B3-1A74-4F29-967D-BA6B98DEECA6}.Debug|x64.ActiveCfg = Debug|x64
		{C48815B3-1A74-4F29-967D-BA6B98DEECA6}.Debug|x64.Build.0 = Debug|x64
		{C48815B3-1A74-4F29-967D-BA6B98DEECA6}.Debug|x86.ActiveCfg = Debug|Win32
		{C48815B3-1A74-4F29-967D-BA6B98DEECA6}.Debug|x86.Build.0 = Debug|Win32
		{C48815B3-1A74-4F29-967D-BA6B98DEECA6}.Release|x64.ActiveCfg = Release|x64
		{C48815B3-1A74-4F29-967D-BA6B98DEECA6}.Release|x64.Build.0 = Release|x64
		{C48815B3-1A74-4F29-967D-BA6B98DEECA6}.Release|x86.ActiveCfg = Release|Win32
		{C48815B3-1A74-4F29-967D-BA6B98DEECA6}.Release|x86.Build.0 = Release|Win32
		{3671F0E9-0565-444A-9A44-FB180060DC3B}.Debug|x64.ActiveCfg = Debug|x64
		{3671F0E9-0565-444A-9A44-FB180060DC3B}.Debug|x64.Build.0 = Debug|x64
		{3671F0E9-0565-444A-9A44-FB180060DC3B}.Debug|x86.ActiveCfg = Debug|Win32
		{3671F0E9-0565-444A-9A44-FB180060DC3B}.Debug|x86.Build.0 = Debug|Win32
		{3671F0E9-0565-444A-9A44-FB180060DC3B}.Release|x64.ActiveCfg = Release|x64
		{3671F0E9-0565-444A-9A44-FB180060DC3B}.Release|x64.Build.0 = Release|x64
		{3671F0E9-0565-444A-9A44-FB180060DC3B}.Release|x86.ActiveCfg = Release|Win32
		{3671F0E9-0565-444A-9A44-FB180060DC3B}.Release|x86.Build.0 = Release|Win32
		{D2C48695-C151-48B0-B26E-E6B186165CC6}.Debug|x64.ActiveCfg = Debug|x64
		{D2C48695-C151-48B0-B26E-E6B186165CC6}.Debug|x64.Build.0 = Debug|x64
		{D2C48695-C151-48B0-B26E-E6B186165CC6}.Debug|x86.ActiveCfg = Debug|Win32
		{D2C48695-C151-48B0-B26E-E6B186165CC6}.Debug|x86.Build.0 = Debug|Win32
		{D2C48695-C151-48B0-B26E-E6B186165CC6}.Release|x64.ActiveCfg = Release|x64
		{D2C48695-C151-48B0-B26E-E6B186165CC6}.Release|x64.Build.0 = Release|x64
		{D2C48695-C151-48B0-B26E-E6B186165CC6}.Release|x86.ActiveCfg = Release|Win32
		{D2C48695-C151-48B0-B26E-E6B186165CC6}.Release|x86.Build.0 = Release|Win32
		{97037648-56B9-4755-A1EF-B3261E6FCF11}.Debug|x64.ActiveCfg = Debug|x64
		{97037648-56B9-4755-A1EF-B3261E6FCF11}.Debug|x64.Build.0 = Debug|x64
		{97037648-56B9-4755-A1EF-B3261E6FCF11}.Debug|x86.ActiveCfg = Debug|Win32
		{97037648-56B9-4755-A1EF-B3261E6FCF11}.Debug|x86.Build.0 = Debug|Win32
		{97037648-56B9-4755-A1EF-B3261E6FCF11}.Release|x64.ActiveCfg = Release|x64
		{97037648-56B9-4755-A1EF-B3261E6FCF11}.Release|x64.Build.0 = Release|x64
		{97037648-56B9-4755-A1EF-B3261E6FCF11}.Release|x86.ActiveCfg = Release|Win32
		{97037648-56B9-4755-A1EF-B3261E6FCF11}.Release|x86.Build.0 = Release|Win32
		{A0223D5D-9A2E-47C6-9D0B-026E31660910}.Debug|x64.ActiveCfg = Debug|x64
		{A0223D5D-9A2E-47C6-9D0B-026E31660910}.Debug|x64.Build.0 = Debug|x64
		{A0223D5D-9A2E-47C6-9D0B-026E31660910}.Debug|x86.ActiveCfg = Debug|Win32
		{A0223D5D-9A2E-47C6-9D0B-026E31660910}.Debug|x86.Build.0 = Debug|Win32
		{A0223D5D-9A2E-47C6-9D0B-026E31660910}.Release|x64.ActiveCfg = Release|x64
		{A0223D5D-9A2E-47C6-9D0B-026E31660910}.Release|x64.Build.0 = Release|x64
		{A0223D5D-9A2E-47C6-9D0B-026E31660910}.Release|x86.ActiveCfg = Release|Win32
		{A0223D5D-9A2E-47C6-9D0B-026E31660910}.Release|x86.Build.0 = Release|Win32
		{3C01A730-4D42-403D-9C26-B1A50B675178}.Debug|x64.ActiveCfg = Debug|x64
		{3C01A730-4D42-403D-9C26-B1A50B675178}.Debug|x64.Build.0 = Debug|x64
		{3C01A730-4D42-403D-9C26-B1A50B675178}.Debug|x86.ActiveCfg = Debug|Win32
		{3C01A730-4D42-403D-9C26-B1A50B675178}.Debug|x86.Build.0 = Debug|Win32
		{3C01A730-4D42-403D-9C26-B1A50B675178}.Release|x64.ActiveCfg = Release|x64
		{3C01A730-4D42-403D-9C26-B1A50B675178}.Release|x64.Build.0 = Release|x64
		{3C01A730-4D42-403D-9C26-B1A50B675178}.Release|x86.ActiveCfg = Release|Win32
		{3C01A730-4D42-403D-9C26-B1A50B675178}.Release|x86.Build.0 = Release|Win32
		{1BA6B52B-F3FE-4F5E-9913-049810CB90D1}.Debug|x64.ActiveCfg = Debug|x64
		{1BA6B52B-F3FE-4F5E-9913-049810CB90D1}.Debug|x64.Build.0 = Debug|x64
		{1BA6B52B-F3FE-4F5E-9913-049810CB90D1}.Debug|x86.ActiveCfg = Debug|Win32
		{1BA6B52B-F3FE-4F5E-9913-049810CB90D1}.Debug|x86.Build.0 = Debug|Win32
		{1BA6B52B-F3FE-4F5E-9913-049810CB90D1}.Release|x64.ActiveCfg = Release|x64
		{1BA6B52B-F3FE-4F5E-9913-049810CB90D1}.Release|x64.Build.0 = Release|x64
		{1BA6B52B-F3FE-4F5E-9913-049810CB90D1}.Release|x86.ActiveCfg = Release|Win32
		{1BA6B52B-F3FE-4F5E-9913-049810CB90D1}.Release|x86.Build.0 = Release|Win32
	EndGlobalSection
	GlobalSection(SolutionProperties) = preSolution
		HideSolutionNode = FALSE
	EndGlobalSection
	GlobalSection(NestedProjects) = preSolution
		{EAC879C6-4860-4FD9-B092-AD9479CD626F} = {ACCD6DB3-E254-432E-90E3-1B1EC7BC97FC}
		{7DB4748C-1528-4BCA-AC22-43CF11D306F5} = {ACCD6DB3-E254-432E-90E3-1B1EC7BC97FC}
		{D16204DC-5A18-4BFE-85F6-8BAFB42E8349} = {ACCD6DB3-E254-432E-90E3-1B1EC7BC97FC}
		{B39162A3-116C-4E41-AC81-D2B6D73EB6D0} = {D16204DC-5A18-4BFE-85F6-8BAFB42E8349}
		{3C01A730-4D42-403D-9C26-B1A50B675178} = {ACCD6DB3-E254-432E-90E3-1B1EC7BC97FC}
		{1BA6B52B-F3FE-4F5E-9913-049810CB90D1} = {ACCD6DB3-E254-432E-90E3-1B1EC7BC97FC}
	EndGlobalSection
EndGlobal
